
Microsoft Visual Studio Solution File, Format Version 12.00
# Visual Studio 15
VisualStudioVersion = 15.0.27130.2010
MinimumVisualStudioVersion = 10.0.40219.1
Project("{FAE04EC0-301F-11D3-BF4B-00C04F79EFBC}") = "HwProj", "HwProj\HwProj.csproj", "{2DBC85DC-7CC4-4F66-99A4-C90DA83B21BA}"
EndProject
Project("{FAE04EC0-301F-11D3-BF4B-00C04F79EFBC}") = "HwProj.Tests", "HwProj.Tests\HwProj.Tests.csproj", "{635CD50D-4064-42A2-ABBA-2E635BE575E1}"
EndProject
Global
	GlobalSection(SolutionConfigurationPlatforms) = preSolution
		Debug|Any CPU = Debug|Any CPU
		Release|Any CPU = Release|Any CPU
	EndGlobalSection
	GlobalSection(ProjectConfigurationPlatforms) = postSolution
		{2DBC85DC-7CC4-4F66-99A4-C90DA83B21BA}.Debug|Any CPU.ActiveCfg = Debug|Any CPU
		{2DBC85DC-7CC4-4F66-99A4-C90DA83B21BA}.Debug|Any CPU.Build.0 = Debug|Any CPU
		{2DBC85DC-7CC4-4F66-99A4-C90DA83B21BA}.Release|Any CPU.ActiveCfg = Release|Any CPU
		{2DBC85DC-7CC4-4F66-99A4-C90DA83B21BA}.Release|Any CPU.Build.0 = Release|Any CPU
		{635CD50D-4064-42A2-ABBA-2E635BE575E1}.Debug|Any CPU.ActiveCfg = Debug|Any CPU
		{635CD50D-4064-42A2-ABBA-2E635BE575E1}.Debug|Any CPU.Build.0 = Debug|Any CPU
		{635CD50D-4064-42A2-ABBA-2E635BE575E1}.Release|Any CPU.ActiveCfg = Release|Any CPU
		{635CD50D-4064-42A2-ABBA-2E635BE575E1}.Release|Any CPU.Build.0 = Release|Any CPU
	EndGlobalSection
	GlobalSection(SolutionProperties) = preSolution
		HideSolutionNode = FALSE
	EndGlobalSection
	GlobalSection(ExtensibilityGlobals) = postSolution
		SolutionGuid = {A4ED7576-8E12-4CAB-B833-C9134FB102E8}
	EndGlobalSection
EndGlobal
